
Microsoft Visual Studio Solution File, Format Version 12.00
# SQL Server Management Studio Version 21
VisualStudioVersion = 17.14.36202.13
MinimumVisualStudioVersion = 10.0.40219.1
Project("{4F2E2C19-372F-40D8-9FA7-9D2138C6997A}") = "GRUPO01", "GRUPO01.ssmssqlproj", "{FC3DF230-76E7-3903-5A0C-93F690F11CE7}"
EndProject
Project("{2150E333-8FDC-42A3-9474-1A3956D46DE8}") = "Elementos de la solución", "Elementos de la solución", "{D107F4C8-89CC-BEA8-D3D7-CA6B7733353D}"
	ProjectSection(SolutionItems) = preProject
		01_pruebasObraSocial.sql = 01_pruebasObraSocial.sql
		02_pruebasSPcategoria.sql = 02_pruebasSPcategoria.sql
		03_pruebasSpActividad.sql = 03_pruebasSpActividad.sql
		04_pruebasSPRol.sql = 04_pruebasSPRol.sql
		05_pruebasSPUsuarios.sql = 05_pruebasSPUsuarios.sql
		06_pruebasSPClases.sql = 06_pruebasSPClases.sql
		07_pruebasSPSocio.sql = 07_pruebasSPSocio.sql
		08_pruebasSPGrupoFamiliar.sql = 08_pruebasSPGrupoFamiliar.sql
		09_pruebasSPInvitado.sql = 09_pruebasSPInvitado.sql
		10_pruebasSPDescuentos.sql = 10_pruebasSPDescuentos.sql
		11_pruebasSPMetodoPago.sql = 11_pruebasSPMetodoPago.sql
		12_pruebasSPdatosEmpresa.sql = 12_pruebasSPdatosEmpresa.sql
		13_pruebasSPClima.sql = 13_pruebasSPClima.sql
		14_pruebasSPFacturas.sql = 14_pruebasSPFacturas.sql
		15_pruebaSPNotaCredito.sql = 15_pruebaSPNotaCredito.sql
		15_pruebasSPNotaCredito.sql = 15_pruebasSPNotaCredito.sql
		Entrega4.sql = Entrega4.sql
		Entrega5.sql = Entrega5.sql
		Reportes.sql = Reportes.sql
		Roles y permisos.sql = Roles y permisos.sql
	EndProjectSection
EndProject
Global
	GlobalSection(SolutionConfigurationPlatforms) = preSolution
		Default|Default = Default|Default
	EndGlobalSection
	GlobalSection(ProjectConfigurationPlatforms) = postSolution
		{FC3DF230-76E7-3903-5A0C-93F690F11CE7}.Default|Default.ActiveCfg = Default
		{3B70BA1C-E007-40AF-A221-E036194D4811}.Default|Default.ActiveCfg = Default
	EndGlobalSection
	GlobalSection(SolutionProperties) = preSolution
		HideSolutionNode = FALSE
	EndGlobalSection
	GlobalSection(ExtensibilityGlobals) = postSolution
		SolutionGuid = {75A2A12A-4DE3-4F3B-92AC-BDD86A0B3480}
	EndGlobalSection
EndGlobal
